{
  "name": "post-to-xhs-scripts",
  "lockfileVersion": 3,
  "requires": true,
  "packages": {
    "": {
      "name": "post-to-xhs-scripts",
      "dependencies": {
        "sc-chrome-cdp": "file:./vendor/sc-chrome-cdp"
      }
    },
    "node_modules/sc-chrome-cdp": {
      "resolved": "vendor/sc-chrome-cdp",
      "link": true
    },
    "vendor/sc-chrome-cdp": {
      "version": "0.1.0"
    }
  }
}
